// !$*UTF8*$!
{
	archiveVersion = 1;
	classes = {
	};
	objectVersion = 56;
	objects = {

/* Begin PBXBuildFile section */
		3E3995F52F84E7A4006541C5 /* AppDelegate.m in Sources */ = {isa = PBXBuildFile; fileRef = 3E3995F42F84E7A4006541C5 /* AppDelegate.m */; };
		3E3995F82F84E7A4006541C5 /* SceneDelegate.m in Sources */ = {isa = PBXBuildFile; fileRef = 3E3995F72F84E7A4006541C5 /* SceneDelegate.m */; };
		3E3995FB2F84E7A4006541C5 /* ViewController.m in Sources */ = {isa = PBXBuildFile; fileRef = 3E3995FA2F84E7A4006541C5 /* ViewController.m */; };
		3E3995FE2F84E7A4006541C5 /* Main.storyboard in Resources */ = {isa = PBXBuildFile; fileRef = 3E3995FC2F84E7A4006541C5 /* Main.storyboard */; };
		3E3996002F84E7A5006541C5 /* Assets.xcassets in Resources */ = {isa = PBXBuildFile; fileRef = 3E3995FF2F84E7A5006541C5 /* Assets.xcassets */; };
		3E3996032F84E7A5006541C5 /* LaunchScreen.storyboard in Resources */ = {isa = PBXBuildFile; fileRef = 3E3996012F84E7A5006541C5 /* LaunchScreen.storyboard */; };
		3E3996062F84E7A5006541C5 /* main.m in Sources */ = {isa = PBXBuildFile; fileRef = 3E3996052F84E7A5006541C5 /* main.m */; };
		3E3996102F84E7A5006541C5 /* ToDeTests.m in Sources */ = {isa = PBXBuildFile; fileRef = 3E39960F2F84E7A5006541C5 /* ToDeTests.m */; };
		3E39961A2F84E7A5006541C5 /* ToDeUITests.m in Sources */ = {isa = PBXBuildFile; fileRef = 3E3996192F84E7A5006541C5 /* ToDeUITests.m */; };
		3E39961C2F84E7A5006541C5 /* ToDeUITestsLaunchTests.m in Sources */ = {isa = PBXBuildFile; fileRef = 3E39961B2F84E7A5006541C5 /* ToDeUITestsLaunchTests.m */; };
		3E3996362F852996006541C5 /* DataSource.m in Sources */ = {isa = PBXBuildFile; fileRef = 3E3996352F852996006541C5 /* DataSource.m */; };
		3E39963F2F855DD0006541C5 /* Task+CoreDataClass.swift in Sources */ = {isa = PBXBuildFile; fileRef = 3E39963D2F855DD0006541C5 /* Task+CoreDataClass.swift */; };
		3E3996402F855DD0006541C5 /* Task+CoreDataProperties.swift in Sources */ = {isa = PBXBuildFile; fileRef = 3E39963E2F855DD0006541C5 /* Task+CoreDataProperties.swift */; };
		3E3996422F856C67006541C5 /* Task.xcdatamodeld in Resources */ = {isa = PBXBuildFile; fileRef = 3E39962E2F8521EB006541C5 /* Task.xcdatamodeld */; };
		3E416BBB2F8822D100B7CE6D /* SDWebImage in Frameworks */ = {isa = PBXBuildFile; productRef = 3E416BBA2F8822D100B7CE6D /* SDWebImage */; };
		3E51D4E72F863E5800AB90DE /* EditViewController.m in Sources */ = {isa = PBXBuildFile; fileRef = 3E51D4E62F863E5800AB90DE /* EditViewController.m */; };
		3E51D4EA2F8649A200AB90DE /* LuanchViewController.m in Sources */ = {isa = PBXBuildFile; fileRef = 3E51D4E92F8649A200AB90DE /* LuanchViewController.m */; };
		3E6E6EB02F85BCF1007E59A7 /* AddNewTaskViewController.m in Sources */ = {isa = PBXBuildFile; fileRef = 3E6E6EAF2F85BCF1007E59A7 /* AddNewTaskViewController.m */; };
/* End PBXBuildFile section */

/* Begin PBXContainerItemProxy section */
		3E39960C2F84E7A5006541C5 /* PBXContainerItemProxy */ = {
			isa = PBXContainerItemProxy;
			containerPortal = 3E3995E82F84E7A3006541C5 /* Project object */;
			proxyType = 1;
			remoteGlobalIDString = 3E3995EF2F84E7A3006541C5;
			remoteInfo = ToDe;
		};
		3E3996162F84E7A5006541C5 /* PBXContainerItemProxy */ = {
			isa = PBXContainerItemProxy;
			containerPortal = 3E3995E82F84E7A3006541C5 /* Project object */;
			proxyType = 1;
			remoteGlobalIDString = 3E3995EF2F84E7A3006541C5;
			remoteInfo = ToDe;
		};
/* End PBXContainerItemProxy section */

/* Begin PBXFileReference section */
		3E3995F02F84E7A3006541C5 /* ToDe.app */ = {isa = PBXFileReference; explicitFileType = wrapper.application; includeInIndex = 0; path = ToDe.app; sourceTree = BUILT_PRODUCTS_DIR; };
		3E3995F32F84E7A4006541C5 /* AppDelegate.h */ = {isa = PBXFileReference; lastKnownFileType = sourcecode.c.h; path = AppDelegate.h; sourceTree = "<group>"; };
		3E3995F42F84E7A4006541C5 /* AppDelegate.m */ = {isa = PBXFileReference; lastKnownFileType = sourcecode.c.objc; path = AppDelegate.m; sourceTree = "<group>"; };
		3E3995F62F84E7A4006541C5 /* SceneDelegate.h */ = {isa = PBXFileReference; lastKnownFileType = sourcecode.c.h; path = SceneDelegate.h; sourceTree = "<group>"; };
		3E3995F72F84E7A4006541C5 /* SceneDelegate.m */ = {isa = PBXFileReference; lastKnownFileType = sourcecode.c.objc; path = SceneDelegate.m; sourceTree = "<group>"; };
		3E3995F92F84E7A4006541C5 /* ViewController.h */ = {isa = PBXFileReference; lastKnownFileType = sourcecode.c.h; path = ViewController.h; sourceTree = "<group>"; };
		3E3995FA2F84E7A4006541C5 /* ViewController.m */ = {isa = PBXFileReference; lastKnownFileType = sourcecode.c.objc; path = ViewController.m; sourceTree = "<group>"; };
		3E3995FD2F84E7A4006541C5 /* Base */ = {isa = PBXFileReference; lastKnownFileType = file.storyboard; name = Base; path = Base.lproj/Main.storyboard; sourceTree = "<group>"; };
		3E3995FF2F84E7A5006541C5 /* Assets.xcassets */ = {isa = PBXFileReference; lastKnownFileType = folder.assetcatalog; path = Assets.xcassets; sourceTree = "<group>"; };
		3E3996022F84E7A5006541C5 /* Base */ = {isa = PBXFileReference; lastKnownFileType = file.storyboard; name = Base; path = Base.lproj/LaunchScreen.storyboard; sourceTree = "<group>"; };
		3E3996042F84E7A5006541C5 /* Info.plist */ = {isa = PBXFileReference; lastKnownFileType = text.plist.xml; path = Info.plist; sourceTree = "<group>"; };
		3E3996052F84E7A5006541C5 /* main.m */ = {isa = PBXFileReference; lastKnownFileType = sourcecode.c.objc; path = main.m; sourceTree = "<group>"; };
		3E39960B2F84E7A5006541C5 /* ToDeTests.xctest */ = {isa = PBXFileReference; explicitFileType = wrapper.cfbundle; includeInIndex = 0; path = ToDeTests.xctest; sourceTree = BUILT_PRODUCTS_DIR; };
		3E39960F2F84E7A5006541C5 /* ToDeTests.m */ = {isa = PBXFileReference; lastKnownFileType = sourcecode.c.objc; path = ToDeTests.m; sourceTree = "<group>"; };
		3E3996152F84E7A5006541C5 /* ToDeUITests.xctest */ = {isa = PBXFileReference; explicitFileType = wrapper.cfbundle; includeInIndex = 0; path = ToDeUITests.xctest; sourceTree = BUILT_PRODUCTS_DIR; };
		3E3996192F84E7A5006541C5 /* ToDeUITests.m */ = {isa = PBXFileReference; lastKnownFileType = sourcecode.c.objc; path = ToDeUITests.m; sourceTree = "<group>"; };
		3E39961B2F84E7A5006541C5 /* ToDeUITestsLaunchTests.m */ = {isa = PBXFileReference; lastKnownFileType = sourcecode.c.objc; path = ToDeUITestsLaunchTests.m; sourceTree = "<group>"; };
		3E39962F2F8521EB006541C5 /* Task.xcdatamodel */ = {isa = PBXFileReference; lastKnownFileType = wrapper.xcdatamodel; path = Task.xcdatamodel; sourceTree = "<group>"; };
		3E3996312F852640006541C5 /* ToDe-Bridging-Header.h */ = {isa = PBXFileReference; lastKnownFileType = sourcecode.c.h; path = "ToDe-Bridging-Header.h"; sourceTree = "<group>"; };
		3E3996342F852996006541C5 /* DataSource.h */ = {isa = PBXFileReference; lastKnownFileType = sourcecode.c.h; path = DataSource.h; sourceTree = "<group>"; };
		3E3996352F852996006541C5 /* DataSource.m */ = {isa = PBXFileReference; lastKnownFileType = sourcecode.c.objc; path = DataSource.m; sourceTree = "<group>"; };
		3E3996382F853C02006541C5 /* periority.h */ = {isa = PBXFileReference; lastKnownFileType = sourcecode.c.h; path = periority.h; sourceTree = "<group>"; };
		3E39963D2F855DD0006541C5 /* Task+CoreDataClass.swift */ = {isa = PBXFileReference; lastKnownFileType = sourcecode.swift; path = "Task+CoreDataClass.swift"; sourceTree = "<group>"; };
		3E39963E2F855DD0006541C5 /* Task+CoreDataProperties.swift */ = {isa = PBXFileReference; lastKnownFileType = sourcecode.swift; path = "Task+CoreDataProperties.swift"; sourceTree = "<group>"; };
		3E51D4E52F863E5800AB90DE /* EditViewController.h */ = {isa = PBXFileReference; lastKnownFileType = sourcecode.c.h; path = EditViewController.h; sourceTree = "<group>"; };
		3E51D4E62F863E5800AB90DE /* EditViewController.m */ = {isa = PBXFileReference; lastKnownFileType = sourcecode.c.objc; path = EditViewController.m; sourceTree = "<group>"; };
		3E51D4E82F8649A200AB90DE /* LuanchViewController.h */ = {isa = PBXFileReference; lastKnownFileType = sourcecode.c.h; path = LuanchViewController.h; sourceTree = "<group>"; };
		3E51D4E92F8649A200AB90DE /* LuanchViewController.m */ = {isa = PBXFileReference; lastKnownFileType = sourcecode.c.objc; path = LuanchViewController.m; sourceTree = "<group>"; };
		3E6E6EAE2F85BCF1007E59A7 /* AddNewTaskViewController.h */ = {isa = PBXFileReference; lastKnownFileType = sourcecode.c.h; path = AddNewTaskViewController.h; sourceTree = "<group>"; };
		3E6E6EAF2F85BCF1007E59A7 /* AddNewTaskViewController.m */ = {isa = PBXFileReference; lastKnownFileType = sourcecode.c.objc; path = AddNewTaskViewController.m; sourceTree = "<group>"; };
/* End PBXFileReference section */

/* Begin PBXFrameworksBuildPhase section */
		3E3995ED2F84E7A3006541C5 /* Frameworks */ = {
			isa = PBXFrameworksBuildPhase;
			buildActionMask = 2147483647;
			files = (
				3E416BBB2F8822D100B7CE6D /* SDWebImage in Frameworks */,
			);
			runOnlyForDeploymentPostprocessing = 0;
		};
		3E3996082F84E7A5006541C5 /* Frameworks */ = {
			isa = PBXFrameworksBuildPhase;
			buildActionMask = 2147483647;
			files = (
			);
			runOnlyForDeploymentPostprocessing = 0;
		};
		3E3996122F84E7A5006541C5 /* Frameworks */ = {
			isa = PBXFrameworksBuildPhase;
			buildActionMask = 2147483647;
			files = (
			);
			runOnlyForDeploymentPostprocessing = 0;
		};
/* End PBXFrameworksBuildPhase section */

/* Begin PBXGroup section */
		3E3995E72F84E7A3006541C5 = {
			isa = PBXGroup;
			children = (
				3E39963D2F855DD0006541C5 /* Task+CoreDataClass.swift */,
				3E39963E2F855DD0006541C5 /* Task+CoreDataProperties.swift */,
				3E3995F22F84E7A3006541C5 /* ToDe */,
				3E39960E2F84E7A5006541C5 /* ToDeTests */,
				3E3996182F84E7A5006541C5 /* ToDeUITests */,
				3E3995F12F84E7A3006541C5 /* Products */,
				3E6E6EAB2F85B5B4007E59A7 /* Frameworks */,
			);
			sourceTree = "<group>";
		};
		3E3995F12F84E7A3006541C5 /* Products */ = {
			isa = PBXGroup;
			children = (
				3E3995F02F84E7A3006541C5 /* ToDe.app */,
				3E39960B2F84E7A5006541C5 /* ToDeTests.xctest */,
				3E3996152F84E7A5006541C5 /* ToDeUITests.xctest */,
			);
			name = Products;
			sourceTree = "<group>";
		};
		3E3995F22F84E7A3006541C5 /* ToDe */ = {
			isa = PBXGroup;
			children = (
				3E3995F32F84E7A4006541C5 /* AppDelegate.h */,
				3E3995F42F84E7A4006541C5 /* AppDelegate.m */,
				3E3995F62F84E7A4006541C5 /* SceneDelegate.h */,
				3E3995F72F84E7A4006541C5 /* SceneDelegate.m */,
				3E3995F92F84E7A4006541C5 /* ViewController.h */,
				3E3995FA2F84E7A4006541C5 /* ViewController.m */,
				3E3995FC2F84E7A4006541C5 /* Main.storyboard */,
				3E3995FF2F84E7A5006541C5 /* Assets.xcassets */,
				3E3996012F84E7A5006541C5 /* LaunchScreen.storyboard */,
				3E3996042F84E7A5006541C5 /* Info.plist */,
				3E3996052F84E7A5006541C5 /* main.m */,
				3E39962E2F8521EB006541C5 /* Task.xcdatamodeld */,
				3E3996312F852640006541C5 /* ToDe-Bridging-Header.h */,
				3E3996342F852996006541C5 /* DataSource.h */,
				3E3996352F852996006541C5 /* DataSource.m */,
				3E3996382F853C02006541C5 /* periority.h */,
				3E6E6EAE2F85BCF1007E59A7 /* AddNewTaskViewController.h */,
				3E6E6EAF2F85BCF1007E59A7 /* AddNewTaskViewController.m */,
				3E51D4E52F863E5800AB90DE /* EditViewController.h */,
				3E51D4E62F863E5800AB90DE /* EditViewController.m */,
				3E51D4E82F8649A200AB90DE /* LuanchViewController.h */,
				3E51D4E92F8649A200AB90DE /* LuanchViewController.m */,
			);
			path = ToDe;
			sourceTree = "<group>";
		};
		3E39960E2F84E7A5006541C5 /* ToDeTests */ = {
			isa = PBXGroup;
			children = (
				3E39960F2F84E7A5006541C5 /* ToDeTests.m */,
			);
			path = ToDeTests;
			sourceTree = "<group>";
		};
		3E3996182F84E7A5006541C5 /* ToDeUITests */ = {
			isa = PBXGroup;
			children = (
				3E3996192F84E7A5006541C5 /* ToDeUITests.m */,
				3E39961B2F84E7A5006541C5 /* ToDeUITestsLaunchTests.m */,
			);
			path = ToDeUITests;
			sourceTree = "<group>";
		};
		3E6E6EAB2F85B5B4007E59A7 /* Frameworks */ = {
			isa = PBXGroup;
			children = (
			);
			name = Frameworks;
			sourceTree = "<group>";
		};
/* End PBXGroup section */

/* Begin PBXNativeTarget section */
		3E3995EF2F84E7A3006541C5 /* ToDe */ = {
			isa = PBXNativeTarget;
			buildConfigurationList = 3E39961F2F84E7A5006541C5 /* Build configuration list for PBXNativeTarget "ToDe" */;
			buildPhases = (
				3E3995EC2F84E7A3006541C5 /* Sources */,
				3E3995ED2F84E7A3006541C5 /* Frameworks */,
				3E3995EE2F84E7A3006541C5 /* Resources */,
			);
			buildRules = (
			);
			dependencies = (
			);
			name = ToDe;
			packageProductDependencies = (
				3E416BBA2F8822D100B7CE6D /* SDWebImage */,
			);
			productName = ToDe;
			productReference = 3E3995F02F84E7A3006541C5 /* ToDe.app */;
			productType = "com.apple.product-type.application";
		};
		3E39960A2F84E7A5006541C5 /* ToDeTests */ = {
			isa = PBXNativeTarget;
			buildConfigurationList = 3E3996222F84E7A5006541C5 /* Build configuration list for PBXNativeTarget "ToDeTests" */;
			buildPhases = (
				3E3996072F84E7A5006541C5 /* Sources */,
				3E3996082F84E7A5006541C5 /* Frameworks */,
				3E3996092F84E7A5006541C5 /* Resources */,
			);
			buildRules = (
			);
			dependencies = (
				3E39960D2F84E7A5006541C5 /* PBXTargetDependency */,
			);
			name = ToDeTests;
			productName = ToDeTests;
			productReference = 3E39960B2F84E7A5006541C5 /* ToDeTests.xctest */;
			productType = "com.apple.product-type.bundle.unit-test";
		};
		3E3996142F84E7A5006541C5 /* ToDeUITests */ = {
			isa = PBXNativeTarget;
			buildConfigurationList = 3E3996252F84E7A5006541C5 /* Build configuration list for PBXNativeTarget "ToDeUITests" */;
			buildPhases = (
				3E3996112F84E7A5006541C5 /* Sources */,
				3E3996122F84E7A5006541C5 /* Frameworks */,
				3E3996132F84E7A5006541C5 /* Resources */,
			);
			buildRules = (
			);
			dependencies = (
				3E3996172F84E7A5006541C5 /* PBXTargetDependency */,
			);
			name = ToDeUITests;
			productName = ToDeUITests;
			productReference = 3E3996152F84E7A5006541C5 /* ToDeUITests.xctest */;
			productType = "com.apple.product-type.bundle.ui-testing";
		};
/* End PBXNativeTarget section */

/* Begin PBXProject section */
		3E3995E82F84E7A3006541C5 /* Project object */ = {
			isa = PBXProject;
			attributes = {
				BuildIndependentTargetsInParallel = 1;
				LastUpgradeCheck = 1520;
				TargetAttributes = {
					3E3995EF2F84E7A3006541C5 = {
						CreatedOnToolsVersion = 15.2;
						LastSwiftMigration = 1520;
					};
					3E39960A2F84E7A5006541C5 = {
						CreatedOnToolsVersion = 15.2;
						TestTargetID = 3E3995EF2F84E7A3006541C5;
					};
					3E3996142F84E7A5006541C5 = {
						CreatedOnToolsVersion = 15.2;
						TestTargetID = 3E3995EF2F84E7A3006541C5;
					};
				};
			};
			buildConfigurationList = 3E3995EB2F84E7A3006541C5 /* Build configuration list for PBXProject "ToDe" */;
			compatibilityVersion = "Xcode 14.0";
			developmentRegion = en;
			hasScannedForEncodings = 0;
			knownRegions = (
				en,
				Base,
			);
			mainGroup = 3E3995E72F84E7A3006541C5;
			packageReferences = (
				3E416BB92F8822C300B7CE6D /* XCRemoteSwiftPackageReference "sdwebimage" */,
			);
			productRefGroup = 3E3995F12F84E7A3006541C5 /* Products */;
			projectDirPath = "";
			projectRoot = "";
			targets = (
				3E3995EF2F84E7A3006541C5 /* ToDe */,
				3E39960A2F84E7A5006541C5 /* ToDeTests */,
				3E3996142F84E7A5006541C5 /* ToDeUITests */,
			);
		};
/* End PBXProject section */

/* Begin PBXResourcesBuildPhase section */
		3E3995EE2F84E7A3006541C5 /* Resources */ = {
			isa = PBXResourcesBuildPhase;
			buildActionMask = 2147483647;
			files = (
				3E3996422F856C67006541C5 /* Task.xcdatamodeld in Resources */,
				3E3996032F84E7A5006541C5 /* LaunchScreen.storyboard in Resources */,
				3E3996002F84E7A5006541C5 /* Assets.xcassets in Resources */,
				3E3995FE2F84E7A4006541C5 /* Main.storyboard in Resources */,
			);
			runOnlyForDeploymentPostprocessing = 0;
		};
		3E3996092F84E7A5006541C5 /* Resources */ = {
			isa = PBXResourcesBuildPhase;
			buildActionMask = 2147483647;
			files = (
			);
			runOnlyForDeploymentPostprocessing = 0;
		};
		3E3996132F84E7A5006541C5 /* Resources */ = {
			isa = PBXResourcesBuildPhase;
			buildActionMask = 2147483647;
			files = (
			);
			runOnlyForDeploymentPostprocessing = 0;
		};
/* End PBXResourcesBuildPhase section */

/* Begin PBXSourcesBuildPhase section */
		3E3995EC2F84E7A3006541C5 /* Sources */ = {
			isa = PBXSourcesBuildPhase;
			buildActionMask = 2147483647;
			files = (
				3E3995FB2F84E7A4006541C5 /* ViewController.m in Sources */,
				3E51D4E72F863E5800AB90DE /* EditViewController.m in Sources */,
				3E39963F2F855DD0006541C5 /* Task+CoreDataClass.swift in Sources */,
				3E6E6EB02F85BCF1007E59A7 /* AddNewTaskViewController.m in Sources */,
				3E3995F52F84E7A4006541C5 /* AppDelegate.m in Sources */,
				3E3996062F84E7A5006541C5 /* main.m in Sources */,
				3E3996362F852996006541C5 /* DataSource.m in Sources */,
				3E3996402F855DD0006541C5 /* Task+CoreDataProperties.swift in Sources */,
				3E3995F82F84E7A4006541C5 /* SceneDelegate.m in Sources */,
				3E51D4EA2F8649A200AB90DE /* LuanchViewController.m in Sources */,
			);
			runOnlyForDeploymentPostprocessing = 0;
		};
		3E3996072F84E7A5006541C5 /* Sources */ = {
			isa = PBXSourcesBuildPhase;
			buildActionMask = 2147483647;
			files = (
				3E3996102F84E7A5006541C5 /* ToDeTests.m in Sources */,
			);
			runOnlyForDeploymentPostprocessing = 0;
		};
		3E3996112F84E7A5006541C5 /* Sources */ = {
			isa = PBXSourcesBuildPhase;
			buildActionMask = 2147483647;
			files = (
				3E39961C2F84E7A5006541C5 /* ToDeUITestsLaunchTests.m in Sources */,
				3E39961A2F84E7A5006541C5 /* ToDeUITests.m in Sources */,
			);
			runOnlyForDeploymentPostprocessing = 0;
		};
/* End PBXSourcesBuildPhase section */

/* Begin PBXTargetDependency section */
		3E39960D2F84E7A5006541C5 /* PBXTargetDependency */ = {
			isa = PBXTargetDependency;
			target = 3E3995EF2F84E7A3006541C5 /* ToDe */;
			targetProxy = 3E39960C2F84E7A5006541C5 /* PBXContainerItemProxy */;
		};
		3E3996172F84E7A5006541C5 /* PBXTargetDependency */ = {
			isa = PBXTargetDependency;
			target = 3E3995EF2F84E7A3006541C5 /* ToDe */;
			targetProxy = 3E3996162F84E7A5006541C5 /* PBXContainerItemProxy */;
		};
/* End PBXTargetDependency section */

/* Begin PBXVariantGroup section */
		3E3995FC2F84E7A4006541C5 /* Main.storyboard */ = {
			isa = PBXVariantGroup;
			children = (
				3E3995FD2F84E7A4006541C5 /* Base */,
			);
			name = Main.storyboard;
			sourceTree = "<group>";
		};
		3E3996012F84E7A5006541C5 /* LaunchScreen.storyboard */ = {
			isa = PBXVariantGroup;
			children = (
				3E3996022F84E7A5006541C5 /* Base */,
			);
			name = LaunchScreen.storyboard;
			sourceTree = "<group>";
		};
/* End PBXVariantGroup section */

/* Begin XCBuildConfiguration section */
		3E39961D2F84E7A5006541C5 /* Debug */ = {
			isa = XCBuildConfiguration;
			buildSettings = {
				ALWAYS_SEARCH_USER_PATHS = NO;
				ASSETCATALOG_COMPILER_GENERATE_SWIFT_ASSET_SYMBOL_EXTENSIONS = YES;
				CLANG_ANALYZER_NONNULL = YES;
				CLANG_ANALYZER_NUMBER_OBJECT_CONVERSION = YES_AGGRESSIVE;
				CLANG_CXX_LANGUAGE_STANDARD = "gnu++20";
				CLANG_ENABLE_MODULES = YES;
				CLANG_ENABLE_OBJC_ARC = YES;
				CLANG_ENABLE_OBJC_WEAK = YES;
				CLANG_WARN_BLOCK_CAPTURE_AUTORELEASING = YES;
				CLANG_WARN_BOOL_CONVERSION = YES;
				CLANG_WARN_COMMA = YES;
				CLANG_WARN_CONSTANT_CONVERSION = YES;
				CLANG_WARN_DEPRECATED_OBJC_IMPLEMENTATIONS = YES;
				CLANG_WARN_DIRECT_OBJC_ISA_USAGE = YES_ERROR;
				CLANG_WARN_DOCUMENTATION_COMMENTS = YES;
				CLANG_WARN_EMPTY_BODY = YES;
				CLANG_WARN_ENUM_CONVERSION = YES;
				CLANG_WARN_INFINITE_RECURSION = YES;
				CLANG_WARN_INT_CONVERSION = YES;
				CLANG_WARN_NON_LITERAL_NULL_CONVERSION = YES;
				CLANG_WARN_OBJC_IMPLICIT_RETAIN_SELF = YES;
				CLANG_WARN_OBJC_LITERAL_CONVERSION = YES;
				CLANG_WARN_OBJC_ROOT_CLASS = YES_ERROR;
				CLANG_WARN_QUOTED_INCLUDE_IN_FRAMEWORK_HEADER = YES;
				CLANG_WARN_RANGE_LOOP_ANALYSIS = YES;
				CLANG_WARN_STRICT_PROTOTYPES = YES;
				CLANG_WARN_SUSPICIOUS_MOVE = YES;
				CLANG_WARN_UNGUARDED_AVAILABILITY = YES_AGGRESSIVE;
				CLANG_WARN_UNREACHABLE_CODE = YES;
				CLANG_WARN__DUPLICATE_METHOD_MATCH = YES;
				COPY_PHASE_STRIP = NO;
				DEBUG_INFORMATION_FORMAT = dwarf;
				ENABLE_STRICT_OBJC_MSGSEND = YES;
				ENABLE_TESTABILITY = YES;
				ENABLE_USER_SCRIPT_SANDBOXING = YES;
				GCC_C_LANGUAGE_STANDARD = gnu17;
				GCC_DYNAMIC_NO_PIC = NO;
				GCC_NO_COMMON_BLOCKS = YES;
				GCC_OPTIMIZATION_LEVEL = 0;
				GCC_PREPROCESSOR_DEFINITIONS = (
					"DEBUG=1",
					"$(inherited)",
				);
				GCC_WARN_64_TO_32_BIT_CONVERSION = YES;
				GCC_WARN_ABOUT_RETURN_TYPE = YES_ERROR;
				GCC_WARN_UNDECLARED_SELECTOR = YES;
				GCC_WARN_UNINITIALIZED_AUTOS = YES_AGGRESSIVE;
				GCC_WARN_UNUSED_FUNCTION = YES;
				GCC_WARN_UNUSED_VARIABLE = YES;
				IPHONEOS_DEPLOYMENT_TARGET = 17.2;
				LOCALIZATION_PREFERS_STRING_CATALOGS = YES;
				MTL_ENABLE_DEBUG_INFO = INCLUDE_SOURCE;
				MTL_FAST_MATH = YES;
				ONLY_ACTIVE_ARCH = YES;
				SDKROOT = iphoneos;
			};
			name = Debug;
		};
		3E39961E2F84E7A5006541C5 /* Release */ = {
			isa = XCBuildConfiguration;
			buildSettings = {
				ALWAYS_SEARCH_USER_PATHS = NO;
				ASSETCATALOG_COMPILER_GENERATE_SWIFT_ASSET_SYMBOL_EXTENSIONS = YES;
				CLANG_ANALYZER_NONNULL = YES;
				CLANG_ANALYZER_NUMBER_OBJECT_CONVERSION = YES_AGGRESSIVE;
				CLANG_CXX_LANGUAGE_STANDARD = "gnu++20";
				CLANG_ENABLE_MODULES = YES;
				CLANG_ENABLE_OBJC_ARC = YES;
				CLANG_ENABLE_OBJC_WEAK = YES;
				CLANG_WARN_BLOCK_CAPTURE_AUTORELEASING = YES;
				CLANG_WARN_BOOL_CONVERSION = YES;
				CLANG_WARN_COMMA = YES;
				CLANG_WARN_CONSTANT_CONVERSION = YES;
				CLANG_WARN_DEPRECATED_OBJC_IMPLEMENTATIONS = YES;
				CLANG_WARN_DIRECT_OBJC_ISA_USAGE = YES_ERROR;
				CLANG_WARN_DOCUMENTATION_COMMENTS = YES;
				CLANG_WARN_EMPTY_BODY = YES;
				CLANG_WARN_ENUM_CONVERSION = YES;
				CLANG_WARN_INFINITE_RECURSION = YES;
				CLANG_WARN_INT_CONVERSION = YES;
				CLANG_WARN_NON_LITERAL_NULL_CONVERSION = YES;
				CLANG_WARN_OBJC_IMPLICIT_RETAIN_SELF = YES;
				CLANG_WARN_OBJC_LITERAL_CONVERSION = YES;
				CLANG_WARN_OBJC_ROOT_CLASS = YES_ERROR;
				CLANG_WARN_QUOTED_INCLUDE_IN_FRAMEWORK_HEADER = YES;
				CLANG_WARN_RANGE_LOOP_ANALYSIS = YES;
				CLANG_WARN_STRICT_PROTOTYPES = YES;
				CLANG_WARN_SUSPICIOUS_MOVE = YES;
				CLANG_WARN_UNGUARDED_AVAILABILITY = YES_AGGRESSIVE;
				CLANG_WARN_UNREACHABLE_CODE = YES;
				CLANG_WARN__DUPLICATE_METHOD_MATCH = YES;
				COPY_PHASE_STRIP = NO;
				DEBUG_INFORMATION_FORMAT = "dwarf-with-dsym";
				ENABLE_NS_ASSERTIONS = NO;
				ENABLE_STRICT_OBJC_MSGSEND = YES;
				ENABLE_USER_SCRIPT_SANDBOXING = YES;
				GCC_C_LANGUAGE_STANDARD = gnu17;
				GCC_NO_COMMON_BLOCKS = YES;
				GCC_WARN_64_TO_32_BIT_CONVERSION = YES;
				GCC_WARN_ABOUT_RETURN_TYPE = YES_ERROR;
				GCC_WARN_UNDECLARED_SELECTOR = YES;
				GCC_WARN_UNINITIALIZED_AUTOS = YES_AGGRESSIVE;
				GCC_WARN_UNUSED_FUNCTION = YES;
				GCC_WARN_UNUSED_VARIABLE = YES;
				IPHONEOS_DEPLOYMENT_TARGET = 17.2;
				LOCALIZATION_PREFERS_STRING_CATALOGS = YES;
				MTL_ENABLE_DEBUG_INFO = NO;
				MTL_FAST_MATH = YES;
				SDKROOT = iphoneos;
				VALIDATE_PRODUCT = YES;
			};
			name = Release;
		};
		3E3996202F84E7A5006541C5 /* Debug */ = {
			isa = XCBuildConfiguration;
			buildSettings = {
				ASSETCATALOG_COMPILER_APPICON_NAME = AppIcon;
				"ASSETCATALOG_COMPILER_APPICON_NAME[sdk=iphoneos*]" = AppIcon;
				ASSETCATALOG_COMPILER_GLOBAL_ACCENT_COLOR_NAME = AccentColor;
				CLANG_ENABLE_MODULES = YES;
				CODE_SIGN_STYLE = Automatic;
				CURRENT_PROJECT_VERSION = 1;
				GENERATE_INFOPLIST_FILE = YES;
				INFOPLIST_FILE = ToDe/Info.plist;
				INFOPLIST_KEY_UIApplicationSupportsIndirectInputEvents = YES;
				INFOPLIST_KEY_UILaunchStoryboardName = LaunchScreen.storyboard;
				INFOPLIST_KEY_UIMainStoryboardFile = Main;
				INFOPLIST_KEY_UISupportedInterfaceOrientations_iPad = "UIInterfaceOrientationPortrait UIInterfaceOrientationPortraitUpsideDown UIInterfaceOrientationLandscapeLeft UIInterfaceOrientationLandscapeRight";
				INFOPLIST_KEY_UISupportedInterfaceOrientations_iPhone = "UIInterfaceOrientationPortrait UIInterfaceOrientationLandscapeLeft UIInterfaceOrientationLandscapeRight";
				LD_RUNPATH_SEARCH_PATHS = (
					"$(inherited)",
					"@executable_path/Frameworks",
				);
				MARKETING_VERSION = 1.0;
				PRODUCT_BUNDLE_IDENTIFIER = ITI.ToDe;
				PRODUCT_NAME = "$(TARGET_NAME)";
				SWIFT_EMIT_LOC_STRINGS = YES;
				SWIFT_OBJC_BRIDGING_HEADER = "ToDe/ToDe-Bridging-Header.h";
				SWIFT_OPTIMIZATION_LEVEL = "-Onone";
				SWIFT_VERSION = 5.0;
				TARGETED_DEVICE_FAMILY = "1,2";
			};
			name = Debug;
		};
		3E3996212F84E7A5006541C5 /* Release */ = {
			isa = XCBuildConfiguration;
			buildSettings = {
				ASSETCATALOG_COMPILER_APPICON_NAME = AppIcon;
				"ASSETCATALOG_COMPILER_APPICON_NAME[sdk=iphoneos*]" = AppIcon;
				ASSETCATALOG_COMPILER_GLOBAL_ACCENT_COLOR_NAME = AccentColor;
				CLANG_ENABLE_MODULES = YES;
				CODE_SIGN_STYLE = Automatic;
				CURRENT_PROJECT_VERSION = 1;
				GENERATE_INFOPLIST_FILE = YES;
				INFOPLIST_FILE = ToDe/Info.plist;
				INFOPLIST_KEY_UIApplicationSupportsIndirectInputEvents = YES;
				INFOPLIST_KEY_UILaunchStoryboardName = LaunchScreen.storyboard;
				INFOPLIST_KEY_UIMainStoryboardFile = Main;
				INFOPLIST_KEY_UISupportedInterfaceOrientations_iPad = "UIInterfaceOrientationPortrait UIInterfaceOrientationPortraitUpsideDown UIInterfaceOrientationLandscapeLeft UIInterfaceOrientationLandscapeRight";
				INFOPLIST_KEY_UISupportedInterfaceOrientations_iPhone = "UIInterfaceOrientationPortrait UIInterfaceOrientationLandscapeLeft UIInterfaceOrientationLandscapeRight";
				LD_RUNPATH_SEARCH_PATHS = (
					"$(inherited)",
					"@executable_path/Frameworks",
				);
				MARKETING_VERSION = 1.0;
				PRODUCT_BUNDLE_IDENTIFIER = ITI.ToDe;
				PRODUCT_NAME = "$(TARGET_NAME)";
				SWIFT_EMIT_LOC_STRINGS = YES;
				SWIFT_OBJC_BRIDGING_HEADER = "ToDe/ToDe-Bridging-Header.h";
				SWIFT_VERSION = 5.0;
				TARGETED_DEVICE_FAMILY = "1,2";
			};
			name = Release;
		};
		3E3996232F84E7A5006541C5 /* Debug */ = {
			isa = XCBuildConfiguration;
			buildSettings = {
				ALWAYS_EMBED_SWIFT_STANDARD_LIBRARIES = YES;
				BUNDLE_LOADER = "$(TEST_HOST)";
				CODE_SIGN_STYLE = Automatic;
				CURRENT_PROJECT_VERSION = 1;
				GENERATE_INFOPLIST_FILE = YES;
				IPHONEOS_DEPLOYMENT_TARGET = 17.2;
				MARKETING_VERSION = 1.0;
				PRODUCT_BUNDLE_IDENTIFIER = ITI.ToDeTests;
				PRODUCT_NAME = "$(TARGET_NAME)";
				SWIFT_EMIT_LOC_STRINGS = NO;
				TARGETED_DEVICE_FAMILY = "1,2";
				TEST_HOST = "$(BUILT_PRODUCTS_DIR)/ToDe.app/$(BUNDLE_EXECUTABLE_FOLDER_PATH)/ToDe";
			};
			name = Debug;
		};
		3E3996242F84E7A5006541C5 /* Release */ = {
			isa = XCBuildConfiguration;
			buildSettings = {
				ALWAYS_EMBED_SWIFT_STANDARD_LIBRARIES = YES;
				BUNDLE_LOADER = "$(TEST_HOST)";
				CODE_SIGN_STYLE = Automatic;
				CURRENT_PROJECT_VERSION = 1;
				GENERATE_INFOPLIST_FILE = YES;
				IPHONEOS_DEPLOYMENT_TARGET = 17.2;
				MARKETING_VERSION = 1.0;
				PRODUCT_BUNDLE_IDENTIFIER = ITI.ToDeTests;
				PRODUCT_NAME = "$(TARGET_NAME)";
				SWIFT_EMIT_LOC_STRINGS = NO;
				TARGETED_DEVICE_FAMILY = "1,2";
				TEST_HOST = "$(BUILT_PRODUCTS_DIR)/ToDe.app/$(BUNDLE_EXECUTABLE_FOLDER_PATH)/ToDe";
			};
			name = Release;
		};
		3E3996262F84E7A5006541C5 /* Debug */ = {
			isa = XCBuildConfiguration;
			buildSettings = {
				ALWAYS_EMBED_SWIFT_STANDARD_LIBRARIES = YES;
				CODE_SIGN_STYLE = Automatic;
				CURRENT_PROJECT_VERSION = 1;
				GENERATE_INFOPLIST_FILE = YES;
				MARKETING_VERSION = 1.0;
				PRODUCT_BUNDLE_IDENTIFIER = ITI.ToDeUITests;
				PRODUCT_NAME = "$(TARGET_NAME)";
				SWIFT_EMIT_LOC_STRINGS = NO;
				TARGETED_DEVICE_FAMILY = "1,2";
				TEST_TARGET_NAME = ToDe;
			};
			name = Debug;
		};
		3E3996272F84E7A5006541C5 /* Release */ = {
			isa = XCBuildConfiguration;
			buildSettings = {
				ALWAYS_EMBED_SWIFT_STANDARD_LIBRARIES = YES;
				CODE_SIGN_STYLE = Automatic;
				CURRENT_PROJECT_VERSION = 1;
				GENERATE_INFOPLIST_FILE = YES;
				MARKETING_VERSION = 1.0;
				PRODUCT_BUNDLE_IDENTIFIER = ITI.ToDeUITests;
				PRODUCT_NAME = "$(TARGET_NAME)";
				SWIFT_EMIT_LOC_STRINGS = NO;
				TARGETED_DEVICE_FAMILY = "1,2";
				TEST_TARGET_NAME = ToDe;
			};
			name = Release;
		};
/* End XCBuildConfiguration section */

/* Begin XCConfigurationList section */
		3E3995EB2F84E7A3006541C5 /* Build configuration list for PBXProject "ToDe" */ = {
			isa = XCConfigurationList;
			buildConfigurations = (
				3E39961D2F84E7A5006541C5 /* Debug */,
				3E39961E2F84E7A5006541C5 /* Release */,
			);
			defaultConfigurationIsVisible = 0;
			defaultConfigurationName = Release;
		};
		3E39961F2F84E7A5006541C5 /* Build configuration list for PBXNativeTarget "ToDe" */ = {
			isa = XCConfigurationList;
			buildConfigurations = (
				3E3996202F84E7A5006541C5 /* Debug */,
				3E3996212F84E7A5006541C5 /* Release */,
			);
			defaultConfigurationIsVisible = 0;
			defaultConfigurationName = Release;
		};
		3E3996222F84E7A5006541C5 /* Build configuration list for PBXNativeTarget "ToDeTests" */ = {
			isa = XCConfigurationList;
			buildConfigurations = (
				3E3996232F84E7A5006541C5 /* Debug */,
				3E3996242F84E7A5006541C5 /* Release */,
			);
			defaultConfigurationIsVisible = 0;
			defaultConfigurationName = Release;
		};
		3E3996252F84E7A5006541C5 /* Build configuration list for PBXNativeTarget "ToDeUITests" */ = {
			isa = XCConfigurationList;
			buildConfigurations = (
				3E3996262F84E7A5006541C5 /* Debug */,
				3E3996272F84E7A5006541C5 /* Release */,
			);
			defaultConfigurationIsVisible = 0;
			defaultConfigurationName = Release;
		};
/* End XCConfigurationList section */

/* Begin XCRemoteSwiftPackageReference section */
		3E416BB92F8822C300B7CE6D /* XCRemoteSwiftPackageReference "sdwebimage" */ = {
			isa = XCRemoteSwiftPackageReference;
			repositoryURL = "https://github.com/sdwebimage/sdwebimage";
			requirement = {
				kind = upToNextMajorVersion;
				minimumVersion = 5.21.7;
			};
		};
/* End XCRemoteSwiftPackageReference section */

/* Begin XCSwiftPackageProductDependency section */
		3E416BBA2F8822D100B7CE6D /* SDWebImage */ = {
			isa = XCSwiftPackageProductDependency;
			package = 3E416BB92F8822C300B7CE6D /* XCRemoteSwiftPackageReference "sdwebimage" */;
			productName = SDWebImage;
		};
/* End XCSwiftPackageProductDependency section */

/* Begin XCVersionGroup section */
		3E39962E2F8521EB006541C5 /* Task.xcdatamodeld */ = {
			isa = XCVersionGroup;
			children = (
				3E39962F2F8521EB006541C5 /* Task.xcdatamodel */,
			);
			currentVersion = 3E39962F2F8521EB006541C5 /* Task.xcdatamodel */;
			path = Task.xcdatamodeld;
			sourceTree = "<group>";
			versionGroupType = wrapper.xcdatamodel;
		};
/* End XCVersionGroup section */
	};
	rootObject = 3E3995E82F84E7A3006541C5 /* Project object */;
}
